PODS:
  - RxAtomic (4.4.0)
  - RxBluetoothKit (5.1.4):
    - RxSwift (~> 4.0)
  - RxSwift (4.4.0):
    - RxAtomic (~> 4.4)

DEPENDENCIES:
  - RxBluetoothKit

SPEC REPOS:
  https://github.com/cocoapods/specs.git:
    - RxAtomic
    - RxBluetoothKit
    - RxSwift

SPEC CHECKSUMS:
  RxAtomic: eacf60db868c96bfd63320e28619fe29c179656f
  RxBluetoothKit: d18f7beb5fd4d2b24659d57548e38d5d2fac885b
  RxSwift: 5976ecd04fc2fefd648827c23de5e11157faa973

PODFILE CHECKSUM: f2ed094d802b4b4f5d7ca31113bc74d2e11ea12e

COCOAPODS: 1.5.3
